
Microsoft Visual Studio Solution File, Format Version 12.00
# Visual Studio Version 17
VisualStudioVersion = 17.9.34723.18
MinimumVisualStudioVersion = 10.0.40219.1
Project("{FAE04EC0-301F-11D3-BF4B-00C04F79EFBC}") = "LanguageFileEditor", "LangUpdater\LanguageFileEditor.csproj", "{76CE4C55-014A-41B9-954D-2DEDC6A045E6}"
EndProject
Project("{54435603-DBB4-11D2-8724-00A0C9A8B90C}") = "Language-File-Editor-Setup", "Language-File-Editor-Setup\Language-File-Editor-Setup.vdproj", "{1C273433-CBD3-469A-832C-54AF6C5F28CD}"
EndProject
Global
	GlobalSection(SolutionConfigurationPlatforms) = preSolution
		Debug|Any CPU = Debug|Any CPU
		Release|Any CPU = Release|Any CPU
	EndGlobalSection
	GlobalSection(ProjectConfigurationPlatforms) = postSolution
		{76CE4C55-014A-41B9-954D-2DEDC6A045E6}.Debug|Any CPU.ActiveCfg = Debug|Any CPU
		{76CE4C55-014A-41B9-954D-2DEDC6A045E6}.Debug|Any CPU.Build.0 = Debug|Any CPU
		{76CE4C55-014A-41B9-954D-2DEDC6A045E6}.Release|Any CPU.ActiveCfg = Release|Any CPU
		{76CE4C55-014A-41B9-954D-2DEDC6A045E6}.Release|Any CPU.Build.0 = Release|Any CPU
		{1C273433-CBD3-469A-832C-54AF6C5F28CD}.Debug|Any CPU.ActiveCfg = Debug
		{1C273433-CBD3-469A-832C-54AF6C5F28CD}.Release|Any CPU.ActiveCfg = Release
	EndGlobalSection
	GlobalSection(SolutionProperties) = preSolution
		HideSolutionNode = FALSE
	EndGlobalSection
	GlobalSection(ExtensibilityGlobals) = postSolution
		SolutionGuid = {C38B808F-0C30-43E3-BD09-0804B0FB8EC5}
	EndGlobalSection
EndGlobal
